
Microsoft Visual Studio Solution File, Format Version 12.00
# Visual Studio Version 16
VisualStudioVersion = 16.0.809.6
MinimumVisualStudioVersion = 10.0.40219.1
Project("{FAE04EC0-301F-11D3-BF4B-00C04F79EFBC}") = "BBCStateMachine", "BBCStateMachine\BBCStateMachine.csproj", "{B4676F66-7091-4DA8-A928-593DEB61D587}"
EndProject
Project("{FAE04EC0-301F-11D3-BF4B-00C04F79EFBC}") = "BBCStateMachine.GraphCompiler", "BBCStateMachine.GraphCompiler\BBCStateMachine.GraphCompiler.csproj", "{ED9E8CDF-64C0-4D4F-B93B-AC03ADFA3053}"
EndProject
Project("{FAE04EC0-301F-11D3-BF4B-00C04F79EFBC}") = "BBCStateMachine.Tests", "BBCStateMachine.Tests\BBCStateMachine.Tests.csproj", "{445E0A19-07A6-45C2-A507-9EE4C0543051}"
EndProject
Global
	GlobalSection(SolutionConfigurationPlatforms) = preSolution
		Debug|Any CPU = Debug|Any CPU
		Release|Any CPU = Release|Any CPU
	EndGlobalSection
	GlobalSection(ProjectConfigurationPlatforms) = postSolution
		{B4676F66-7091-4DA8-A928-593DEB61D587}.Debug|Any CPU.ActiveCfg = Debug|Any CPU
		{B4676F66-7091-4DA8-A928-593DEB61D587}.Debug|Any CPU.Build.0 = Debug|Any CPU
		{B4676F66-7091-4DA8-A928-593DEB61D587}.Release|Any CPU.ActiveCfg = Release|Any CPU
		{B4676F66-7091-4DA8-A928-593DEB61D587}.Release|Any CPU.Build.0 = Release|Any CPU
		{ED9E8CDF-64C0-4D4F-B93B-AC03ADFA3053}.Debug|Any CPU.ActiveCfg = Debug|Any CPU
		{ED9E8CDF-64C0-4D4F-B93B-AC03ADFA3053}.Debug|Any CPU.Build.0 = Debug|Any CPU
		{ED9E8CDF-64C0-4D4F-B93B-AC03ADFA3053}.Release|Any CPU.ActiveCfg = Release|Any CPU
		{ED9E8CDF-64C0-4D4F-B93B-AC03ADFA3053}.Release|Any CPU.Build.0 = Release|Any CPU
		{445E0A19-07A6-45C2-A507-9EE4C0543051}.Debug|Any CPU.ActiveCfg = Debug|Any CPU
		{445E0A19-07A6-45C2-A507-9EE4C0543051}.Debug|Any CPU.Build.0 = Debug|Any CPU
		{445E0A19-07A6-45C2-A507-9EE4C0543051}.Release|Any CPU.ActiveCfg = Release|Any CPU
		{445E0A19-07A6-45C2-A507-9EE4C0543051}.Release|Any CPU.Build.0 = Release|Any CPU
	EndGlobalSection
	GlobalSection(SolutionProperties) = preSolution
		HideSolutionNode = FALSE
	EndGlobalSection
	GlobalSection(ExtensibilityGlobals) = postSolution
		SolutionGuid = {4584C358-4594-4E42-8D86-F9D1BC30E717}
	EndGlobalSection
EndGlobal
