
Microsoft Visual Studio Solution File, Format Version 12.00
# Visual Studio Version 16
VisualStudioVersion = 16.0.809.6
MinimumVisualStudioVersion = 10.0.40219.1
Project("{FAE04EC0-301F-11D3-BF4B-00C04F79EFBC}") = "BBCStateMachine", "BBCStateMachine.csproj", "{699A56FC-5637-4052-88C8-40113ED34619}"
EndProject
Global
	GlobalSection(SolutionConfigurationPlatforms) = preSolution
		Debug|Any CPU = Debug|Any CPU
		Release|Any CPU = Release|Any CPU
	EndGlobalSection
	GlobalSection(ProjectConfigurationPlatforms) = postSolution
		{699A56FC-5637-4052-88C8-40113ED34619}.Debug|Any CPU.ActiveCfg = Debug|Any CPU
		{699A56FC-5637-4052-88C8-40113ED34619}.Debug|Any CPU.Build.0 = Debug|Any CPU
		{699A56FC-5637-4052-88C8-40113ED34619}.Release|Any CPU.ActiveCfg = Release|Any CPU
		{699A56FC-5637-4052-88C8-40113ED34619}.Release|Any CPU.Build.0 = Release|Any CPU
	EndGlobalSection
	GlobalSection(SolutionProperties) = preSolution
		HideSolutionNode = FALSE
	EndGlobalSection
	GlobalSection(ExtensibilityGlobals) = postSolution
		SolutionGuid = {4584C358-4594-4E42-8D86-F9D1BC30E717}
	EndGlobalSection
EndGlobal
